
Microsoft Visual Studio Solution File, Format Version 12.00
# Visual Studio Version 16
VisualStudioVersion = 16.0.30907.101
MinimumVisualStudioVersion = 10.0.40219.1
Project("{9A19103F-16F7-4668-BE54-9A1E7A4F7556}") = "DesignPatterns", "DesignPatterns\DesignPatterns.csproj", "{E50DDF2E-8261-4F35-933D-91547BC876D1}"
EndProject
Project("{9A19103F-16F7-4668-BE54-9A1E7A4F7556}") = "Lab1", "Lab1\Lab1.csproj", "{AC40E86D-67EE-429A-A611-3A36D631D9B0}"
EndProject
Project("{9A19103F-16F7-4668-BE54-9A1E7A4F7556}") = "Lab2", "Lab2\Lab2.csproj", "{937FCF21-9347-4769-BDE5-7ACAC541DBB2}"
EndProject
Project("{FAE04EC0-301F-11D3-BF4B-00C04F79EFBC}") = "Lab3", "Lab3\Lab3.csproj", "{3C41B2D0-4F45-4300-8337-1465ABF24530}"
EndProject
Project("{FAE04EC0-301F-11D3-BF4B-00C04F79EFBC}") = "Lab3 - 3", "Lab3 - 3\Lab3 - 3.csproj", "{7C5DCE9F-1233-47F7-8940-CD7559CC1DBB}"
EndProject
Project("{FAE04EC0-301F-11D3-BF4B-00C04F79EFBC}") = "Lab6", "Lab6\Lab6.csproj", "{19C93E41-E21D-4FFA-A389-3C8759B66479}"
EndProject
Project("{FAE04EC0-301F-11D3-BF4B-00C04F79EFBC}") = "Lab6-2", "Lab6-2\Lab6-2.csproj", "{460CCB9E-44BF-4C1C-85F7-C5A9AD5FDD9C}"
EndProject
Project("{FAE04EC0-301F-11D3-BF4B-00C04F79EFBC}") = "Lab7", "Lab7\Lab7.csproj", "{22F3412B-611B-46B6-9823-23EFE53DE4B0}"
EndProject
Project("{FAE04EC0-301F-11D3-BF4B-00C04F79EFBC}") = "Lab9", "Lab9\Lab9.csproj", "{C92F4973-9B12-4E9D-8DEC-D512B4E06E22}"
EndProject
Project("{FAE04EC0-301F-11D3-BF4B-00C04F79EFBC}") = "Lab10", "Lab10\Lab10.csproj", "{A8AC6C70-43E9-41CE-AD0C-2D7C9E57812E}"
EndProject
Project("{FAE04EC0-301F-11D3-BF4B-00C04F79EFBC}") = "Lab10-2", "Lab10-2\Lab10-2.csproj", "{1788884B-7E18-4D6E-BE20-C96589AF7392}"
EndProject
Global
	GlobalSection(SolutionConfigurationPlatforms) = preSolution
		Debug|Any CPU = Debug|Any CPU
		Release|Any CPU = Release|Any CPU
	EndGlobalSection
	GlobalSection(ProjectConfigurationPlatforms) = postSolution
		{E50DDF2E-8261-4F35-933D-91547BC876D1}.Debug|Any CPU.ActiveCfg = Debug|Any CPU
		{E50DDF2E-8261-4F35-933D-91547BC876D1}.Debug|Any CPU.Build.0 = Debug|Any CPU
		{E50DDF2E-8261-4F35-933D-91547BC876D1}.Release|Any CPU.ActiveCfg = Release|Any CPU
		{E50DDF2E-8261-4F35-933D-91547BC876D1}.Release|Any CPU.Build.0 = Release|Any CPU
		{AC40E86D-67EE-429A-A611-3A36D631D9B0}.Debug|Any CPU.ActiveCfg = Debug|Any CPU
		{AC40E86D-67EE-429A-A611-3A36D631D9B0}.Debug|Any CPU.Build.0 = Debug|Any CPU
		{AC40E86D-67EE-429A-A611-3A36D631D9B0}.Release|Any CPU.ActiveCfg = Release|Any CPU
		{AC40E86D-67EE-429A-A611-3A36D631D9B0}.Release|Any CPU.Build.0 = Release|Any CPU
		{937FCF21-9347-4769-BDE5-7ACAC541DBB2}.Debug|Any CPU.ActiveCfg = Debug|Any CPU
		{937FCF21-9347-4769-BDE5-7ACAC541DBB2}.Debug|Any CPU.Build.0 = Debug|Any CPU
		{937FCF21-9347-4769-BDE5-7ACAC541DBB2}.Release|Any CPU.ActiveCfg = Release|Any CPU
		{937FCF21-9347-4769-BDE5-7ACAC541DBB2}.Release|Any CPU.Build.0 = Release|Any CPU
		{3C41B2D0-4F45-4300-8337-1465ABF24530}.Debug|Any CPU.ActiveCfg = Debug|Any CPU
		{3C41B2D0-4F45-4300-8337-1465ABF24530}.Debug|Any CPU.Build.0 = Debug|Any CPU
		{3C41B2D0-4F45-4300-8337-1465ABF24530}.Release|Any CPU.ActiveCfg = Release|Any CPU
		{3C41B2D0-4F45-4300-8337-1465ABF24530}.Release|Any CPU.Build.0 = Release|Any CPU
		{7C5DCE9F-1233-47F7-8940-CD7559CC1DBB}.Debug|Any CPU.ActiveCfg = Debug|Any CPU
		{7C5DCE9F-1233-47F7-8940-CD7559CC1DBB}.Debug|Any CPU.Build.0 = Debug|Any CPU
		{7C5DCE9F-1233-47F7-8940-CD7559CC1DBB}.Release|Any CPU.ActiveCfg = Release|Any CPU
		{7C5DCE9F-1233-47F7-8940-CD7559CC1DBB}.Release|Any CPU.Build.0 = Release|Any CPU
		{19C93E41-E21D-4FFA-A389-3C8759B66479}.Debug|Any CPU.ActiveCfg = Debug|Any CPU
		{19C93E41-E21D-4FFA-A389-3C8759B66479}.Debug|Any CPU.Build.0 = Debug|Any CPU
		{19C93E41-E21D-4FFA-A389-3C8759B66479}.Release|Any CPU.ActiveCfg = Release|Any CPU
		{19C93E41-E21D-4FFA-A389-3C8759B66479}.Release|Any CPU.Build.0 = Release|Any CPU
		{460CCB9E-44BF-4C1C-85F7-C5A9AD5FDD9C}.Debug|Any CPU.ActiveCfg = Debug|Any CPU
		{460CCB9E-44BF-4C1C-85F7-C5A9AD5FDD9C}.Debug|Any CPU.Build.0 = Debug|Any CPU
		{460CCB9E-44BF-4C1C-85F7-C5A9AD5FDD9C}.Release|Any CPU.ActiveCfg = Release|Any CPU
		{460CCB9E-44BF-4C1C-85F7-C5A9AD5FDD9C}.Release|Any CPU.Build.0 = Release|Any CPU
		{22F3412B-611B-46B6-9823-23EFE53DE4B0}.Debug|Any CPU.ActiveCfg = Debug|Any CPU
		{22F3412B-611B-46B6-9823-23EFE53DE4B0}.Debug|Any CPU.Build.0 = Debug|Any CPU
		{22F3412B-611B-46B6-9823-23EFE53DE4B0}.Release|Any CPU.ActiveCfg = Release|Any CPU
		{22F3412B-611B-46B6-9823-23EFE53DE4B0}.Release|Any CPU.Build.0 = Release|Any CPU
		{C92F4973-9B12-4E9D-8DEC-D512B4E06E22}.Debug|Any CPU.ActiveCfg = Debug|Any CPU
		{C92F4973-9B12-4E9D-8DEC-D512B4E06E22}.Debug|Any CPU.Build.0 = Debug|Any CPU
		{C92F4973-9B12-4E9D-8DEC-D512B4E06E22}.Release|Any CPU.ActiveCfg = Release|Any CPU
		{C92F4973-9B12-4E9D-8DEC-D512B4E06E22}.Release|Any CPU.Build.0 = Release|Any CPU
		{A8AC6C70-43E9-41CE-AD0C-2D7C9E57812E}.Debug|Any CPU.ActiveCfg = Debug|Any CPU
		{A8AC6C70-43E9-41CE-AD0C-2D7C9E57812E}.Debug|Any CPU.Build.0 = Debug|Any CPU
		{A8AC6C70-43E9-41CE-AD0C-2D7C9E57812E}.Release|Any CPU.ActiveCfg = Release|Any CPU
		{A8AC6C70-43E9-41CE-AD0C-2D7C9E57812E}.Release|Any CPU.Build.0 = Release|Any CPU
		{1788884B-7E18-4D6E-BE20-C96589AF7392}.Debug|Any CPU.ActiveCfg = Debug|Any CPU
		{1788884B-7E18-4D6E-BE20-C96589AF7392}.Debug|Any CPU.Build.0 = Debug|Any CPU
		{1788884B-7E18-4D6E-BE20-C96589AF7392}.Release|Any CPU.ActiveCfg = Release|Any CPU
		{1788884B-7E18-4D6E-BE20-C96589AF7392}.Release|Any CPU.Build.0 = Release|Any CPU
	EndGlobalSection
	GlobalSection(SolutionProperties) = preSolution
		HideSolutionNode = FALSE
	EndGlobalSection
	GlobalSection(ExtensibilityGlobals) = postSolution
		SolutionGuid = {0213E8A3-E83F-4A6A-A0B0-8C7BF7A07E49}
	EndGlobalSection
EndGlobal
