
Microsoft Visual Studio Solution File, Format Version 12.00
# Visual Studio Version 16
VisualStudioVersion = 16.0.30907.101
MinimumVisualStudioVersion = 10.0.40219.1
Project("{FAE04EC0-301F-11D3-BF4B-00C04F79EFBC}") = "DesignPatterns", "DesignPatterns\DesignPatterns.csproj", "{E50DDF2E-8261-4F35-933D-91547BC876D1}"
EndProject
Project("{FAE04EC0-301F-11D3-BF4B-00C04F79EFBC}") = "Lab1", "Lab1\Lab1.csproj", "{AC40E86D-67EE-429A-A611-3A36D631D9B0}"
EndProject
Global
	GlobalSection(SolutionConfigurationPlatforms) = preSolution
		Debug|Any CPU = Debug|Any CPU
		Release|Any CPU = Release|Any CPU
	EndGlobalSection
	GlobalSection(ProjectConfigurationPlatforms) = postSolution
		{E50DDF2E-8261-4F35-933D-91547BC876D1}.Debug|Any CPU.ActiveCfg = Debug|Any CPU
		{E50DDF2E-8261-4F35-933D-91547BC876D1}.Debug|Any CPU.Build.0 = Debug|Any CPU
		{E50DDF2E-8261-4F35-933D-91547BC876D1}.Release|Any CPU.ActiveCfg = Release|Any CPU
		{E50DDF2E-8261-4F35-933D-91547BC876D1}.Release|Any CPU.Build.0 = Release|Any CPU
		{AC40E86D-67EE-429A-A611-3A36D631D9B0}.Debug|Any CPU.ActiveCfg = Debug|Any CPU
		{AC40E86D-67EE-429A-A611-3A36D631D9B0}.Debug|Any CPU.Build.0 = Debug|Any CPU
		{AC40E86D-67EE-429A-A611-3A36D631D9B0}.Release|Any CPU.ActiveCfg = Release|Any CPU
		{AC40E86D-67EE-429A-A611-3A36D631D9B0}.Release|Any CPU.Build.0 = Release|Any CPU
	EndGlobalSection
	GlobalSection(SolutionProperties) = preSolution
		HideSolutionNode = FALSE
	EndGlobalSection
	GlobalSection(ExtensibilityGlobals) = postSolution
		SolutionGuid = {0213E8A3-E83F-4A6A-A0B0-8C7BF7A07E49}
	EndGlobalSection
EndGlobal
